# This file is automatically @generated by Wally.
# It is not intended for manual editing.
registry = "test"

[[package]]
name = "jsdotlua/boolean"
version = "1.2.7"
dependencies = [["number", "jsdotlua/number@1.2.7"]]

[[package]]
name = "jsdotlua/chalk"
version = "0.2.1"
dependencies = []

[[package]]
name = "jsdotlua/collections"
version = "1.2.7"
dependencies = [["es7-types", "jsdotlua/es7-types@1.2.7"], ["instance-of", "jsdotlua/instance-of@1.2.7"]]

[[package]]
name = "jsdotlua/console"
version = "1.2.7"
dependencies = [["collections", "jsdotlua/collections@1.2.7"]]

[[package]]
name = "jsdotlua/diff-sequences"
version = "3.10.0"
dependencies = [["luau-polyfill", "jsdotlua/luau-polyfill@1.2.7"]]

[[package]]
name = "jsdotlua/es7-types"
version = "1.2.7"
dependencies = []

[[package]]
name = "jsdotlua/expect"
version = "3.10.0"
dependencies = [["luau-polyfill", "jsdotlua/luau-polyfill@1.2.7"], ["luau-regexp", "jsdotlua/luau-regexp@0.2.1"], ["jest-get-type", "jsdotlua/jest-get-type@3.10.0"], ["jest-matcher-utils", "jsdotlua/jest-matcher-utils@3.10.0"], ["jest-message-util", "jsdotlua/jest-message-util@3.10.0"], ["jest-roblox-shared", "jsdotlua/jest-roblox-shared@3.10.0"], ["jest-snapshot", "jsdotlua/jest-snapshot@3.10.0"], ["jest-util", "jsdotlua/jest-util@3.10.0"], ["promise", "jsdotlua/promise@3.5.2"]]

[[package]]
name = "jsdotlua/instance-of"
version = "1.2.7"
dependencies = []

[[package]]
name = "jsdotlua/jest-diff"
version = "3.10.0"
dependencies = [["luau-polyfill", "jsdotlua/luau-polyfill@1.2.7"], ["chalk", "jsdotlua/chalk@0.2.1"], ["diff-sequences", "jsdotlua/diff-sequences@3.10.0"], ["jest-get-type", "jsdotlua/jest-get-type@3.10.0"], ["jest-types", "jsdotlua/jest-types@3.10.0"], ["pretty-format", "jsdotlua/pretty-format@3.10.0"]]

[[package]]
name = "jsdotlua/jest-environment"
version = "3.10.0"
dependencies = [["luau-polyfill", "jsdotlua/luau-polyfill@1.2.7"], ["jest-fake-timers", "jsdotlua/jest-fake-timers@3.10.0"], ["jest-mock", "jsdotlua/jest-mock@3.10.0"], ["jest-mock-genv", "jsdotlua/jest-mock-genv@3.10.0"], ["jest-types", "jsdotlua/jest-types@3.10.0"]]

[[package]]
name = "jsdotlua/jest-fake-timers"
version = "3.10.0"
dependencies = [["luau-polyfill", "jsdotlua/luau-polyfill@1.2.7"], ["jest-get-type", "jsdotlua/jest-get-type@3.10.0"], ["jest-mock", "jsdotlua/jest-mock@3.10.0"]]

[[package]]
name = "jsdotlua/jest-get-type"
version = "3.10.0"
dependencies = [["luau-polyfill", "jsdotlua/luau-polyfill@1.2.7"], ["luau-regexp", "jsdotlua/luau-regexp@0.2.1"]]

[[package]]
name = "jsdotlua/jest-globals"
version = "3.10.0"
dependencies = [["luau-polyfill", "jsdotlua/luau-polyfill@1.2.7"], ["expect", "jsdotlua/expect@3.10.0"], ["jest-environment", "jsdotlua/jest-environment@3.10.0"], ["jest-types", "jsdotlua/jest-types@3.10.0"]]

[[package]]
name = "jsdotlua/jest-matcher-utils"
version = "3.10.0"
dependencies = [["luau-polyfill", "jsdotlua/luau-polyfill@1.2.7"], ["luau-regexp", "jsdotlua/luau-regexp@0.2.1"], ["chalk", "jsdotlua/chalk@0.2.1"], ["jest-diff", "jsdotlua/jest-diff@3.10.0"], ["jest-get-type", "jsdotlua/jest-get-type@3.10.0"], ["pretty-format", "jsdotlua/pretty-format@3.10.0"]]

[[package]]
name = "jsdotlua/jest-message-util"
version = "3.10.0"
dependencies = [["luau-polyfill", "jsdotlua/luau-polyfill@1.2.7"], ["luau-regexp", "jsdotlua/luau-regexp@0.2.1"], ["chalk", "jsdotlua/chalk@0.2.1"], ["jest-roblox-shared", "jsdotlua/jest-roblox-shared@3.10.0"], ["jest-types", "jsdotlua/jest-types@3.10.0"], ["pretty-format", "jsdotlua/pretty-format@3.10.0"]]

[[package]]
name = "jsdotlua/jest-mock"
version = "3.10.0"
dependencies = [["luau-polyfill", "jsdotlua/luau-polyfill@1.2.7"], ["jest-mock-genv", "jsdotlua/jest-mock-genv@3.10.0"], ["jest-types", "jsdotlua/jest-types@3.10.0"]]

[[package]]
name = "jsdotlua/jest-mock-genv"
version = "3.10.0"
dependencies = [["luau-polyfill", "jsdotlua/luau-polyfill@1.2.7"]]

[[package]]
name = "jsdotlua/jest-roblox-shared"
version = "3.10.0"
dependencies = [["luau-polyfill", "jsdotlua/luau-polyfill@1.2.7"], ["jest-get-type", "jsdotlua/jest-get-type@3.10.0"], ["jest-mock", "jsdotlua/jest-mock@3.10.0"]]

[[package]]
name = "jsdotlua/jest-snapshot"
version = "3.10.0"
dependencies = [["luau-polyfill", "jsdotlua/luau-polyfill@1.2.7"], ["promise", "jsdotlua/promise@3.5.2"], ["chalk", "jsdotlua/chalk@0.2.1"], ["jest-diff", "jsdotlua/jest-diff@3.10.0"], ["jest-get-type", "jsdotlua/jest-get-type@3.10.0"], ["jest-matcher-utils", "jsdotlua/jest-matcher-utils@3.10.0"], ["jest-roblox-shared", "jsdotlua/jest-roblox-shared@3.10.0"], ["jest-types", "jsdotlua/jest-types@3.10.0"], ["pretty-format", "jsdotlua/pretty-format@3.10.0"]]

[[package]]
name = "jsdotlua/jest-types"
version = "3.10.0"
dependencies = [["luau-polyfill", "jsdotlua/luau-polyfill@1.2.7"], ["luau-regexp", "jsdotlua/luau-regexp@0.2.1"]]

[[package]]
name = "jsdotlua/jest-util"
version = "3.10.0"
dependencies = [["luau-polyfill", "jsdotlua/luau-polyfill@1.2.7"], ["luau-regexp", "jsdotlua/luau-regexp@0.2.1"], ["promise", "jsdotlua/promise@3.5.2"], ["chalk", "jsdotlua/chalk@0.2.1"], ["jest-roblox-shared", "jsdotlua/jest-roblox-shared@3.10.0"], ["jest-types", "jsdotlua/jest-types@3.10.0"], ["picomatch", "jsdotlua/picomatch@0.4.0"]]

[[package]]
name = "jsdotlua/luau-polyfill"
version = "1.2.7"
dependencies = [["boolean", "jsdotlua/boolean@1.2.7"], ["collections", "jsdotlua/collections@1.2.7"], ["console", "jsdotlua/console@1.2.7"], ["es7-types", "jsdotlua/es7-types@1.2.7"], ["instance-of", "jsdotlua/instance-of@1.2.7"], ["math", "jsdotlua/math@1.2.7"], ["number", "jsdotlua/number@1.2.7"], ["string", "jsdotlua/string@1.2.7"], ["symbol-luau", "jsdotlua/symbol-luau@1.0.1"], ["timers", "jsdotlua/timers@1.2.7"]]

[[package]]
name = "jsdotlua/luau-regexp"
version = "0.2.1"
dependencies = []

[[package]]
name = "jsdotlua/math"
version = "1.2.7"
dependencies = []

[[package]]
name = "jsdotlua/number"
version = "1.2.7"
dependencies = []

[[package]]
name = "jsdotlua/otter"
version = "1.2.1"
dependencies = [["collections", "jsdotlua/collections@1.2.7"], ["luau-signal", "seaofvoices/luau-signal@0.1.2"]]

[[package]]
name = "jsdotlua/picomatch"
version = "0.4.0"
dependencies = [["luau-polyfill", "jsdotlua/luau-polyfill@1.2.7"], ["luau-regexp", "jsdotlua/luau-regexp@0.2.1"], ["promise", "jsdotlua/promise@3.5.2"]]

[[package]]
name = "jsdotlua/pretty-format"
version = "3.10.0"
dependencies = [["luau-polyfill", "jsdotlua/luau-polyfill@1.2.7"], ["luau-regexp", "jsdotlua/luau-regexp@0.2.1"], ["chalk", "jsdotlua/chalk@0.2.1"], ["jest-get-type", "jsdotlua/jest-get-type@3.10.0"], ["jest-roblox-shared", "jsdotlua/jest-roblox-shared@3.10.0"], ["react-is", "jsdotlua/react-is@17.2.1"]]

[[package]]
name = "jsdotlua/promise"
version = "3.5.2"
dependencies = []

[[package]]
name = "jsdotlua/react"
version = "17.2.1"
dependencies = [["luau-polyfill", "jsdotlua/luau-polyfill@1.2.7"], ["shared", "jsdotlua/shared@17.2.1"]]

[[package]]
name = "jsdotlua/react-is"
version = "17.2.1"
dependencies = [["shared", "jsdotlua/shared@17.2.1"]]

[[package]]
name = "jsdotlua/react-reconciler"
version = "17.2.1"
dependencies = [["luau-polyfill", "jsdotlua/luau-polyfill@1.2.7"], ["promise", "jsdotlua/promise@3.5.2"], ["react", "jsdotlua/react@17.2.1"], ["scheduler", "jsdotlua/scheduler@17.2.1"], ["shared", "jsdotlua/shared@17.2.1"]]

[[package]]
name = "jsdotlua/react-roblox"
version = "17.2.1"
dependencies = [["luau-polyfill", "jsdotlua/luau-polyfill@1.2.7"], ["react", "jsdotlua/react@17.2.1"], ["react-reconciler", "jsdotlua/react-reconciler@17.2.1"], ["scheduler", "jsdotlua/scheduler@17.2.1"], ["shared", "jsdotlua/shared@17.2.1"]]

[[package]]
name = "jsdotlua/roact-navigation"
version = "0.5.10"
dependencies = [["luau-polyfill", "jsdotlua/luau-polyfill@1.2.7"], ["luau-regexp", "jsdotlua/luau-regexp@0.2.1"], ["otter", "jsdotlua/otter@1.2.1"], ["react", "jsdotlua/react@17.2.1"], ["react-roblox", "jsdotlua/react-roblox@17.2.1"]]

[[package]]
name = "jsdotlua/scheduler"
version = "17.2.1"
dependencies = [["luau-polyfill", "jsdotlua/luau-polyfill@1.2.7"], ["shared", "jsdotlua/shared@17.2.1"]]

[[package]]
name = "jsdotlua/shared"
version = "17.2.1"
dependencies = [["luau-polyfill", "jsdotlua/luau-polyfill@1.2.7"]]

[[package]]
name = "jsdotlua/string"
version = "1.2.7"
dependencies = [["es7-types", "jsdotlua/es7-types@1.2.7"], ["number", "jsdotlua/number@1.2.7"]]

[[package]]
name = "jsdotlua/symbol-luau"
version = "1.0.1"
dependencies = []

[[package]]
name = "jsdotlua/timers"
version = "1.2.7"
dependencies = [["collections", "jsdotlua/collections@1.2.7"]]

[[package]]
name = "roblox/roact"
version = "1.4.4"
dependencies = []

[[package]]
name = "roblox/roact-rodux"
version = "0.5.1"
dependencies = [["Roact", "roblox/roact@1.4.4"], ["Rodux", "roblox/rodux@4.0.0-rc.0"]]

[[package]]
name = "roblox/rodux"
version = "4.0.0-rc.0"
dependencies = []

[[package]]
name = "seaofvoices/luau-signal"
version = "0.1.2"
dependencies = [["luau-task", "seaofvoices/luau-task@1.0.2"]]

[[package]]
name = "seaofvoices/luau-task"
version = "1.0.2"
dependencies = []

[[package]]
name = "wturner/stemgame"
version = "0.1.0"
dependencies = [["React", "jsdotlua/react@17.2.1"], ["ReactOtter", "jsdotlua/otter@1.2.1"], ["RoactNavigation", "jsdotlua/roact-navigation@0.5.10"], ["RoactRodux", "roblox/roact-rodux@0.5.1"], ["Rodux", "roblox/rodux@4.0.0-rc.0"], ["JestGlobals", "jsdotlua/jest-globals@3.10.0"]]
